// !$*UTF8*$!
{
	archiveVersion = 1;
	classes = {
	};
	objectVersion = 46;
	objects = {

/* Begin PBXBuildFile section */
		635B9BC31D0BE77000506497 /* AppDelegate.swift in Sources */ = {isa = PBXBuildFile; fileRef = 635B9BC21D0BE77000506497 /* AppDelegate.swift */; };
		635B9BC51D0BE77000506497 /* ViewController.swift in Sources */ = {isa = PBXBuildFile; fileRef = 635B9BC41D0BE77000506497 /* ViewController.swift */; };
		635B9BC81D0BE77000506497 /* Main.storyboard in Resources */ = {isa = PBXBuildFile; fileRef = 635B9BC61D0BE77000506497 /* Main.storyboard */; };
		635B9BCA1D0BE77000506497 /* Assets.xcassets in Resources */ = {isa = PBXBuildFile; fileRef = 635B9BC91D0BE77000506497 /* Assets.xcassets */; };
		635B9BCD1D0BE77000506497 /* LaunchScreen.storyboard in Resources */ = {isa = PBXBuildFile; fileRef = 635B9BCB1D0BE77000506497 /* LaunchScreen.storyboard */; };
		635B9BD81D0BE77000506497 /* tumblrTests.swift in Sources */ = {isa = PBXBuildFile; fileRef = 635B9BD71D0BE77000506497 /* tumblrTests.swift */; };
		635B9BE31D0BE77000506497 /* tumblrUITests.swift in Sources */ = {isa = PBXBuildFile; fileRef = 635B9BE21D0BE77000506497 /* tumblrUITests.swift */; };
		635B9BF21D0BEF3200506497 /* TabBarViewController.swift in Sources */ = {isa = PBXBuildFile; fileRef = 635B9BF11D0BEF3200506497 /* TabBarViewController.swift */; };
		635B9BF41D0C5FC500506497 /* HomeViewController.swift in Sources */ = {isa = PBXBuildFile; fileRef = 635B9BF31D0C5FC500506497 /* HomeViewController.swift */; };
		635B9BF61D0C601F00506497 /* SearchViewController.swift in Sources */ = {isa = PBXBuildFile; fileRef = 635B9BF51D0C601F00506497 /* SearchViewController.swift */; };
		635B9BF81D0C613800506497 /* AccountViewController.swift in Sources */ = {isa = PBXBuildFile; fileRef = 635B9BF71D0C613800506497 /* AccountViewController.swift */; };
		635B9BFA1D0C623500506497 /* TrendingViewController.swift in Sources */ = {isa = PBXBuildFile; fileRef = 635B9BF91D0C623500506497 /* TrendingViewController.swift */; };
		635B9BFC1D0C668400506497 /* ComposeViewController.swift in Sources */ = {isa = PBXBuildFile; fileRef = 635B9BFB1D0C668400506497 /* ComposeViewController.swift */; };
		635B9BFE1D0D488300506497 /* Common.swift in Sources */ = {isa = PBXBuildFile; fileRef = 635B9BFD1D0D488300506497 /* Common.swift */; };
		635B9C021D0E69FF00506497 /* LoginViewController.swift in Sources */ = {isa = PBXBuildFile; fileRef = 635B9C011D0E69FF00506497 /* LoginViewController.swift */; };
/* End PBXBuildFile section */

/* Begin PBXContainerItemProxy section */
		635B9BD41D0BE77000506497 /* PBXContainerItemProxy */ = {
			isa = PBXContainerItemProxy;
			containerPortal = 635B9BB71D0BE77000506497 /* Project object */;
			proxyType = 1;
			remoteGlobalIDString = 635B9BBE1D0BE77000506497;
			remoteInfo = tumblr;
		};
		635B9BDF1D0BE77000506497 /* PBXContainerItemProxy */ = {
			isa = PBXContainerItemProxy;
			containerPortal = 635B9BB71D0BE77000506497 /* Project object */;
			proxyType = 1;
			remoteGlobalIDString = 635B9BBE1D0BE77000506497;
			remoteInfo = tumblr;
		};
/* End PBXContainerItemProxy section */

/* Begin PBXFileReference section */
		635B9BBF1D0BE77000506497 /* tumblr.app */ = {isa = PBXFileReference; explicitFileType = wrapper.application; includeInIndex = 0; path = tumblr.app; sourceTree = BUILT_PRODUCTS_DIR; };
		635B9BC21D0BE77000506497 /* AppDelegate.swift */ = {isa = PBXFileReference; lastKnownFileType = sourcecode.swift; path = AppDelegate.swift; sourceTree = "<group>"; };
		635B9BC41D0BE77000506497 /* ViewController.swift */ = {isa = PBXFileReference; lastKnownFileType = sourcecode.swift; path = ViewController.swift; sourceTree = "<group>"; };
		635B9BC71D0BE77000506497 /* Base */ = {isa = PBXFileReference; lastKnownFileType = file.storyboard; name = Base; path = Base.lproj/Main.storyboard; sourceTree = "<group>"; };
		635B9BC91D0BE77000506497 /* Assets.xcassets */ = {isa = PBXFileReference; lastKnownFileType = folder.assetcatalog; path = Assets.xcassets; sourceTree = "<group>"; };
		635B9BCC1D0BE77000506497 /* Base */ = {isa = PBXFileReference; lastKnownFileType = file.storyboard; name = Base; path = Base.lproj/LaunchScreen.storyboard; sourceTree = "<group>"; };
		635B9BCE1D0BE77000506497 /* Info.plist */ = {isa = PBXFileReference; lastKnownFileType = text.plist.xml; path = Info.plist; sourceTree = "<group>"; };
		635B9BD31D0BE77000506497 /* tumblrTests.xctest */ = {isa = PBXFileReference; explicitFileType = wrapper.cfbundle; includeInIndex = 0; path = tumblrTests.xctest; sourceTree = BUILT_PRODUCTS_DIR; };
		635B9BD71D0BE77000506497 /* tumblrTests.swift */ = {isa = PBXFileReference; lastKnownFileType = sourcecode.swift; path = tumblrTests.swift; sourceTree = "<group>"; };
		635B9BD91D0BE77000506497 /* Info.plist */ = {isa = PBXFileReference; lastKnownFileType = text.plist.xml; path = Info.plist; sourceTree = "<group>"; };
		635B9BDE1D0BE77000506497 /* tumblrUITests.xctest */ = {isa = PBXFileReference; explicitFileType = wrapper.cfbundle; includeInIndex = 0; path = tumblrUITests.xctest; sourceTree = BUILT_PRODUCTS_DIR; };
		635B9BE21D0BE77000506497 /* tumblrUITests.swift */ = {isa = PBXFileReference; lastKnownFileType = sourcecode.swift; path = tumblrUITests.swift; sourceTree = "<group>"; };
		635B9BE41D0BE77000506497 /* Info.plist */ = {isa = PBXFileReference; lastKnownFileType = text.plist.xml; path = Info.plist; sourceTree = "<group>"; };
		635B9BF11D0BEF3200506497 /* TabBarViewController.swift */ = {isa = PBXFileReference; fileEncoding = 4; lastKnownFileType = sourcecode.swift; path = TabBarViewController.swift; sourceTree = "<group>"; };
		635B9BF31D0C5FC500506497 /* HomeViewController.swift */ = {isa = PBXFileReference; fileEncoding = 4; lastKnownFileType = sourcecode.swift; path = HomeViewController.swift; sourceTree = "<group>"; };
		635B9BF51D0C601F00506497 /* SearchViewController.swift */ = {isa = PBXFileReference; fileEncoding = 4; lastKnownFileType = sourcecode.swift; path = SearchViewController.swift; sourceTree = "<group>"; };
		635B9BF71D0C613800506497 /* AccountViewController.swift */ = {isa = PBXFileReference; fileEncoding = 4; lastKnownFileType = sourcecode.swift; path = AccountViewController.swift; sourceTree = "<group>"; };
		635B9BF91D0C623500506497 /* TrendingViewController.swift */ = {isa = PBXFileReference; fileEncoding = 4; lastKnownFileType = sourcecode.swift; path = TrendingViewController.swift; sourceTree = "<group>"; };
		635B9BFB1D0C668400506497 /* ComposeViewController.swift */ = {isa = PBXFileReference; fileEncoding = 4; lastKnownFileType = sourcecode.swift; path = ComposeViewController.swift; sourceTree = "<group>"; };
		635B9BFD1D0D488300506497 /* Common.swift */ = {isa = PBXFileReference; fileEncoding = 4; lastKnownFileType = sourcecode.swift; path = Common.swift; sourceTree = "<group>"; };
		635B9C011D0E69FF00506497 /* LoginViewController.swift */ = {isa = PBXFileReference; fileEncoding = 4; lastKnownFileType = sourcecode.swift; path = LoginViewController.swift; sourceTree = "<group>"; };
/* End PBXFileReference section */

/* Begin PBXFrameworksBuildPhase section */
		635B9BBC1D0BE77000506497 /* Frameworks */ = {
			isa = PBXFrameworksBuildPhase;
			buildActionMask = 2147483647;
			files = (
			);
			runOnlyForDeploymentPostprocessing = 0;
		};
		635B9BD01D0BE77000506497 /* Frameworks */ = {
			isa = PBXFrameworksBuildPhase;
			buildActionMask = 2147483647;
			files = (
			);
			runOnlyForDeploymentPostprocessing = 0;
		};
		635B9BDB1D0BE77000506497 /* Frameworks */ = {
			isa = PBXFrameworksBuildPhase;
			buildActionMask = 2147483647;
			files = (
			);
			runOnlyForDeploymentPostprocessing = 0;
		};
/* End PBXFrameworksBuildPhase section */

/* Begin PBXGroup section */
		635B9BB61D0BE77000506497 = {
			isa = PBXGroup;
			children = (
				635B9BC11D0BE77000506497 /* tumblr */,
				635B9BD61D0BE77000506497 /* tumblrTests */,
				635B9BE11D0BE77000506497 /* tumblrUITests */,
				635B9BC01D0BE77000506497 /* Products */,
			);
			sourceTree = "<group>";
		};
		635B9BC01D0BE77000506497 /* Products */ = {
			isa = PBXGroup;
			children = (
				635B9BBF1D0BE77000506497 /* tumblr.app */,
				635B9BD31D0BE77000506497 /* tumblrTests.xctest */,
				635B9BDE1D0BE77000506497 /* tumblrUITests.xctest */,
			);
			name = Products;
			sourceTree = "<group>";
		};
		635B9BC11D0BE77000506497 /* tumblr */ = {
			isa = PBXGroup;
			children = (
				635B9BFD1D0D488300506497 /* Common.swift */,
				635B9BF01D0BEF0300506497 /* Controllers */,
				635B9BC21D0BE77000506497 /* AppDelegate.swift */,
				635B9BC41D0BE77000506497 /* ViewController.swift */,
				635B9BC61D0BE77000506497 /* Main.storyboard */,
				635B9BC91D0BE77000506497 /* Assets.xcassets */,
				635B9BCB1D0BE77000506497 /* LaunchScreen.storyboard */,
				635B9BCE1D0BE77000506497 /* Info.plist */,
			);
			path = tumblr;
			sourceTree = "<group>";
		};
		635B9BD61D0BE77000506497 /* tumblrTests */ = {
			isa = PBXGroup;
			children = (
				635B9BD71D0BE77000506497 /* tumblrTests.swift */,
				635B9BD91D0BE77000506497 /* Info.plist */,
			);
			path = tumblrTests;
			sourceTree = "<group>";
		};
		635B9BE11D0BE77000506497 /* tumblrUITests */ = {
			isa = PBXGroup;
			children = (
				635B9BE21D0BE77000506497 /* tumblrUITests.swift */,
				635B9BE41D0BE77000506497 /* Info.plist */,
			);
			path = tumblrUITests;
			sourceTree = "<group>";
		};
		635B9BF01D0BEF0300506497 /* Controllers */ = {
			isa = PBXGroup;
			children = (
				635B9BF11D0BEF3200506497 /* TabBarViewController.swift */,
				635B9BF31D0C5FC500506497 /* HomeViewController.swift */,
				635B9BF51D0C601F00506497 /* SearchViewController.swift */,
				635B9BF71D0C613800506497 /* AccountViewController.swift */,
				635B9BF91D0C623500506497 /* TrendingViewController.swift */,
				635B9BFB1D0C668400506497 /* ComposeViewController.swift */,
				635B9C011D0E69FF00506497 /* LoginViewController.swift */,
			);
			name = Controllers;
			sourceTree = "<group>";
		};
/* End PBXGroup section */

/* Begin PBXNativeTarget section */
		635B9BBE1D0BE77000506497 /* tumblr */ = {
			isa = PBXNativeTarget;
			buildConfigurationList = 635B9BE71D0BE77000506497 /* Build configuration list for PBXNativeTarget "tumblr" */;
			buildPhases = (
				635B9BBB1D0BE77000506497 /* Sources */,
				635B9BBC1D0BE77000506497 /* Frameworks */,
				635B9BBD1D0BE77000506497 /* Resources */,
			);
			buildRules = (
			);
			dependencies = (
			);
			name = tumblr;
			productName = tumblr;
			productReference = 635B9BBF1D0BE77000506497 /* tumblr.app */;
			productType = "com.apple.product-type.application";
		};
		635B9BD21D0BE77000506497 /* tumblrTests */ = {
			isa = PBXNativeTarget;
			buildConfigurationList = 635B9BEA1D0BE77000506497 /* Build configuration list for PBXNativeTarget "tumblrTests" */;
			buildPhases = (
				635B9BCF1D0BE77000506497 /* Sources */,
				635B9BD01D0BE77000506497 /* Frameworks */,
				635B9BD11D0BE77000506497 /* Resources */,
			);
			buildRules = (
			);
			dependencies = (
				635B9BD51D0BE77000506497 /* PBXTargetDependency */,
			);
			name = tumblrTests;
			productName = tumblrTests;
			productReference = 635B9BD31D0BE77000506497 /* tumblrTests.xctest */;
			productType = "com.apple.product-type.bundle.unit-test";
		};
		635B9BDD1D0BE77000506497 /* tumblrUITests */ = {
			isa = PBXNativeTarget;
			buildConfigurationList = 635B9BED1D0BE77000506497 /* Build configuration list for PBXNativeTarget "tumblrUITests" */;
			buildPhases = (
				635B9BDA1D0BE77000506497 /* Sources */,
				635B9BDB1D0BE77000506497 /* Frameworks */,
				635B9BDC1D0BE77000506497 /* Resources */,
			);
			buildRules = (
			);
			dependencies = (
				635B9BE01D0BE77000506497 /* PBXTargetDependency */,
			);
			name = tumblrUITests;
			productName = tumblrUITests;
			productReference = 635B9BDE1D0BE77000506497 /* tumblrUITests.xctest */;
			productType = "com.apple.product-type.bundle.ui-testing";
		};
/* End PBXNativeTarget section */

/* Begin PBXProject section */
		635B9BB71D0BE77000506497 /* Project object */ = {
			isa = PBXProject;
			attributes = {
				LastSwiftUpdateCheck = 0720;
				LastUpgradeCheck = 0720;
				ORGANIZATIONNAME = "Kunal Desai";
				TargetAttributes = {
					635B9BBE1D0BE77000506497 = {
						CreatedOnToolsVersion = 7.2.1;
					};
					635B9BD21D0BE77000506497 = {
						CreatedOnToolsVersion = 7.2.1;
						TestTargetID = 635B9BBE1D0BE77000506497;
					};
					635B9BDD1D0BE77000506497 = {
						CreatedOnToolsVersion = 7.2.1;
						TestTargetID = 635B9BBE1D0BE77000506497;
					};
				};
			};
			buildConfigurationList = 635B9BBA1D0BE77000506497 /* Build configuration list for PBXProject "tumblr" */;
			compatibilityVersion = "Xcode 3.2";
			developmentRegion = English;
			hasScannedForEncodings = 0;
			knownRegions = (
				en,
				Base,
			);
			mainGroup = 635B9BB61D0BE77000506497;
			productRefGroup = 635B9BC01D0BE77000506497 /* Products */;
			projectDirPath = "";
			projectRoot = "";
			targets = (
				635B9BBE1D0BE77000506497 /* tumblr */,
				635B9BD21D0BE77000506497 /* tumblrTests */,
				635B9BDD1D0BE77000506497 /* tumblrUITests */,
			);
		};
/* End PBXProject section */

/* Begin PBXResourcesBuildPhase section */
		635B9BBD1D0BE77000506497 /* Resources */ = {
			isa = PBXResourcesBuildPhase;
			buildActionMask = 2147483647;
			files = (
				635B9BCD1D0BE77000506497 /* LaunchScreen.storyboard in Resources */,
				635B9BCA1D0BE77000506497 /* Assets.xcassets in Resources */,
				635B9BC81D0BE77000506497 /* Main.storyboard in Resources */,
			);
			runOnlyForDeploymentPostprocessing = 0;
		};
		635B9BD11D0BE77000506497 /* Resources */ = {
			isa = PBXResourcesBuildPhase;
			buildActionMask = 2147483647;
			files = (
			);
			runOnlyForDeploymentPostprocessing = 0;
		};
		635B9BDC1D0BE77000506497 /* Resources */ = {
			isa = PBXResourcesBuildPhase;
			buildActionMask = 2147483647;
			files = (
			);
			runOnlyForDeploymentPostprocessing = 0;
		};
/* End PBXResourcesBuildPhase section */

/* Begin PBXSourcesBuildPhase section */
		635B9BBB1D0BE77000506497 /* Sources */ = {
			isa = PBXSourcesBuildPhase;
			buildActionMask = 2147483647;
			files = (
				635B9BFA1D0C623500506497 /* TrendingViewController.swift in Sources */,
				635B9BF61D0C601F00506497 /* SearchViewController.swift in Sources */,
				635B9BC51D0BE77000506497 /* ViewController.swift in Sources */,
				635B9BFC1D0C668400506497 /* ComposeViewController.swift in Sources */,
				635B9BFE1D0D488300506497 /* Common.swift in Sources */,
				635B9BF81D0C613800506497 /* AccountViewController.swift in Sources */,
				635B9BF21D0BEF3200506497 /* TabBarViewController.swift in Sources */,
				635B9BC31D0BE77000506497 /* AppDelegate.swift in Sources */,
				635B9C021D0E69FF00506497 /* LoginViewController.swift in Sources */,
				635B9BF41D0C5FC500506497 /* HomeViewController.swift in Sources */,
			);
			runOnlyForDeploymentPostprocessing = 0;
		};
		635B9BCF1D0BE77000506497 /* Sources */ = {
			isa = PBXSourcesBuildPhase;
			buildActionMask = 2147483647;
			files = (
				635B9BD81D0BE77000506497 /* tumblrTests.swift in Sources */,
			);
			runOnlyForDeploymentPostprocessing = 0;
		};
		635B9BDA1D0BE77000506497 /* Sources */ = {
			isa = PBXSourcesBuildPhase;
			buildActionMask = 2147483647;
			files = (
				635B9BE31D0BE77000506497 /* tumblrUITests.swift in Sources */,
			);
			runOnlyForDeploymentPostprocessing = 0;
		};
/* End PBXSourcesBuildPhase section */

/* Begin PBXTargetDependency section */
		635B9BD51D0BE77000506497 /* PBXTargetDependency */ = {
			isa = PBXTargetDependency;
			target = 635B9BBE1D0BE77000506497 /* tumblr */;
			targetProxy = 635B9BD41D0BE77000506497 /* PBXContainerItemProxy */;
		};
		635B9BE01D0BE77000506497 /* PBXTargetDependency */ = {
			isa = PBXTargetDependency;
			target = 635B9BBE1D0BE77000506497 /* tumblr */;
			targetProxy = 635B9BDF1D0BE77000506497 /* PBXContainerItemProxy */;
		};
/* End PBXTargetDependency section */

/* Begin PBXVariantGroup section */
		635B9BC61D0BE77000506497 /* Main.storyboard */ = {
			isa = PBXVariantGroup;
			children = (
				635B9BC71D0BE77000506497 /* Base */,
			);
			name = Main.storyboard;
			sourceTree = "<group>";
		};
		635B9BCB1D0BE77000506497 /* LaunchScreen.storyboard */ = {
			isa = PBXVariantGroup;
			children = (
				635B9BCC1D0BE77000506497 /* Base */,
			);
			name = LaunchScreen.storyboard;
			sourceTree = "<group>";
		};
/* End PBXVariantGroup section */

/* Begin XCBuildConfiguration section */
		635B9BE51D0BE77000506497 /* Debug */ = {
			isa = XCBuildConfiguration;
			buildSettings = {
				ALWAYS_SEARCH_USER_PATHS = NO;
				CLANG_CXX_LANGUAGE_STANDARD = "gnu++0x";
				CLANG_CXX_LIBRARY = "libc++";
				CLANG_ENABLE_MODULES = YES;
				CLANG_ENABLE_OBJC_ARC = YES;
				CLANG_WARN_BOOL_CONVERSION = YES;
				CLANG_WARN_CONSTANT_CONVERSION = YES;
				CLANG_WARN_DIRECT_OBJC_ISA_USAGE = YES_ERROR;
				CLANG_WARN_EMPTY_BODY = YES;
				CLANG_WARN_ENUM_CONVERSION = YES;
				CLANG_WARN_INT_CONVERSION = YES;
				CLANG_WARN_OBJC_ROOT_CLASS = YES_ERROR;
				CLANG_WARN_UNREACHABLE_CODE = YES;
				CLANG_WARN__DUPLICATE_METHOD_MATCH = YES;
				"CODE_SIGN_IDENTITY[sdk=iphoneos*]" = "iPhone Developer";
				COPY_PHASE_STRIP = NO;
				DEBUG_INFORMATION_FORMAT = dwarf;
				ENABLE_STRICT_OBJC_MSGSEND = YES;
				ENABLE_TESTABILITY = YES;
				GCC_C_LANGUAGE_STANDARD = gnu99;
				GCC_DYNAMIC_NO_PIC = NO;
				GCC_NO_COMMON_BLOCKS = YES;
				GCC_OPTIMIZATION_LEVEL = 0;
				GCC_PREPROCESSOR_DEFINITIONS = (
					"DEBUG=1",
					"$(inherited)",
				);
				GCC_WARN_64_TO_32_BIT_CONVERSION = YES;
				GCC_WARN_ABOUT_RETURN_TYPE = YES_ERROR;
				GCC_WARN_UNDECLARED_SELECTOR = YES;
				GCC_WARN_UNINITIALIZED_AUTOS = YES_AGGRESSIVE;
				GCC_WARN_UNUSED_FUNCTION = YES;
				GCC_WARN_UNUSED_VARIABLE = YES;
				IPHONEOS_DEPLOYMENT_TARGET = 9.2;
				MTL_ENABLE_DEBUG_INFO = YES;
				ONLY_ACTIVE_ARCH = YES;
				SDKROOT = iphoneos;
				SWIFT_OPTIMIZATION_LEVEL = "-Onone";
			};
			name = Debug;
		};
		635B9BE61D0BE77000506497 /* Release */ = {
			isa = XCBuildConfiguration;
			buildSettings = {
				ALWAYS_SEARCH_USER_PATHS = NO;
				CLANG_CXX_LANGUAGE_STANDARD = "gnu++0x";
				CLANG_CXX_LIBRARY = "libc++";
				CLANG_ENABLE_MODULES = YES;
				CLANG_ENABLE_OBJC_ARC = YES;
				CLANG_WARN_BOOL_CONVERSION = YES;
				CLANG_WARN_CONSTANT_CONVERSION = YES;
				CLANG_WARN_DIRECT_OBJC_ISA_USAGE = YES_ERROR;
				CLANG_WARN_EMPTY_BODY = YES;
				CLANG_WARN_ENUM_CONVERSION = YES;
				CLANG_WARN_INT_CONVERSION = YES;
				CLANG_WARN_OBJC_ROOT_CLASS = YES_ERROR;
				CLANG_WARN_UNREACHABLE_CODE = YES;
				CLANG_WARN__DUPLICATE_METHOD_MATCH = YES;
				"CODE_SIGN_IDENTITY[sdk=iphoneos*]" = "iPhone Developer";
				COPY_PHASE_STRIP = NO;
				DEBUG_INFORMATION_FORMAT = "dwarf-with-dsym";
				ENABLE_NS_ASSERTIONS = NO;
				ENABLE_STRICT_OBJC_MSGSEND = YES;
				GCC_C_LANGUAGE_STANDARD = gnu99;
				GCC_NO_COMMON_BLOCKS = YES;
				GCC_WARN_64_TO_32_BIT_CONVERSION = YES;
				GCC_WARN_ABOUT_RETURN_TYPE = YES_ERROR;
				GCC_WARN_UNDECLARED_SELECTOR = YES;
				GCC_WARN_UNINITIALIZED_AUTOS = YES_AGGRESSIVE;
				GCC_WARN_UNUSED_FUNCTION = YES;
				GCC_WARN_UNUSED_VARIABLE = YES;
				IPHONEOS_DEPLOYMENT_TARGET = 9.2;
				MTL_ENABLE_DEBUG_INFO = NO;
				SDKROOT = iphoneos;
				VALIDATE_PRODUCT = YES;
			};
			name = Release;
		};
		635B9BE81D0BE77000506497 /* Debug */ = {
			isa = XCBuildConfiguration;
			buildSettings = {
				ASSETCATALOG_COMPILER_APPICON_NAME = AppIcon;
				INFOPLIST_FILE = tumblr/Info.plist;
				LD_RUNPATH_SEARCH_PATHS = "$(inherited) @executable_path/Frameworks";
				PRODUCT_BUNDLE_IDENTIFIER = kunal.tumblr;
				PRODUCT_NAME = "$(TARGET_NAME)";
			};
			name = Debug;
		};
		635B9BE91D0BE77000506497 /* Release */ = {
			isa = XCBuildConfiguration;
			buildSettings = {
				ASSETCATALOG_COMPILER_APPICON_NAME = AppIcon;
				INFOPLIST_FILE = tumblr/Info.plist;
				LD_RUNPATH_SEARCH_PATHS = "$(inherited) @executable_path/Frameworks";
				PRODUCT_BUNDLE_IDENTIFIER = kunal.tumblr;
				PRODUCT_NAME = "$(TARGET_NAME)";
			};
			name = Release;
		};
		635B9BEB1D0BE77000506497 /* Debug */ = {
			isa = XCBuildConfiguration;
			buildSettings = {
				BUNDLE_LOADER = "$(TEST_HOST)";
				INFOPLIST_FILE = tumblrTests/Info.plist;
				LD_RUNPATH_SEARCH_PATHS = "$(inherited) @executable_path/Frameworks @loader_path/Frameworks";
				PRODUCT_BUNDLE_IDENTIFIER = kunal.tumblrTests;
				PRODUCT_NAME = "$(TARGET_NAME)";
				TEST_HOST = "$(BUILT_PRODUCTS_DIR)/tumblr.app/tumblr";
			};
			name = Debug;
		};
		635B9BEC1D0BE77000506497 /* Release */ = {
			isa = XCBuildConfiguration;
			buildSettings = {
				BUNDLE_LOADER = "$(TEST_HOST)";
				INFOPLIST_FILE = tumblrTests/Info.plist;
				LD_RUNPATH_SEARCH_PATHS = "$(inherited) @executable_path/Frameworks @loader_path/Frameworks";
				PRODUCT_BUNDLE_IDENTIFIER = kunal.tumblrTests;
				PRODUCT_NAME = "$(TARGET_NAME)";
				TEST_HOST = "$(BUILT_PRODUCTS_DIR)/tumblr.app/tumblr";
			};
			name = Release;
		};
		635B9BEE1D0BE77000506497 /* Debug */ = {
			isa = XCBuildConfiguration;
			buildSettings = {
				INFOPLIST_FILE = tumblrUITests/Info.plist;
				LD_RUNPATH_SEARCH_PATHS = "$(inherited) @executable_path/Frameworks @loader_path/Frameworks";
				PRODUCT_BUNDLE_IDENTIFIER = kunal.tumblrUITests;
				PRODUCT_NAME = "$(TARGET_NAME)";
				TEST_TARGET_NAME = tumblr;
				USES_XCTRUNNER = YES;
			};
			name = Debug;
		};
		635B9BEF1D0BE77000506497 /* Release */ = {
			isa = XCBuildConfiguration;
			buildSettings = {
				INFOPLIST_FILE = tumblrUITests/Info.plist;
				LD_RUNPATH_SEARCH_PATHS = "$(inherited) @executable_path/Frameworks @loader_path/Frameworks";
				PRODUCT_BUNDLE_IDENTIFIER = kunal.tumblrUITests;
				PRODUCT_NAME = "$(TARGET_NAME)";
				TEST_TARGET_NAME = tumblr;
				USES_XCTRUNNER = YES;
			};
			name = Release;
		};
/* End XCBuildConfiguration section */

/* Begin XCConfigurationList section */
		635B9BBA1D0BE77000506497 /* Build configuration list for PBXProject "tumblr" */ = {
			isa = XCConfigurationList;
			buildConfigurations = (
				635B9BE51D0BE77000506497 /* Debug */,
				635B9BE61D0BE77000506497 /* Release */,
			);
			defaultConfigurationIsVisible = 0;
			defaultConfigurationName = Release;
		};
		635B9BE71D0BE77000506497 /* Build configuration list for PBXNativeTarget "tumblr" */ = {
			isa = XCConfigurationList;
			buildConfigurations = (
				635B9BE81D0BE77000506497 /* Debug */,
				635B9BE91D0BE77000506497 /* Release */,
			);
			defaultConfigurationIsVisible = 0;
		};
		635B9BEA1D0BE77000506497 /* Build configuration list for PBXNativeTarget "tumblrTests" */ = {
			isa = XCConfigurationList;
			buildConfigurations = (
				635B9BEB1D0BE77000506497 /* Debug */,
				635B9BEC1D0BE77000506497 /* Release */,
			);
			defaultConfigurationIsVisible = 0;
		};
		635B9BED1D0BE77000506497 /* Build configuration list for PBXNativeTarget "tumblrUITests" */ = {
			isa = XCConfigurationList;
			buildConfigurations = (
				635B9BEE1D0BE77000506497 /* Debug */,
				635B9BEF1D0BE77000506497 /* Release */,
			);
			defaultConfigurationIsVisible = 0;
		};
/* End XCConfigurationList section */
	};
	rootObject = 635B9BB71D0BE77000506497 /* Project object */;
}
